// !$*UTF8*$!
{
	archiveVersion = 1;
	classes = {
	};
	objectVersion = 51;
	objects = {

/* Begin PBXBuildFile section */
		01659CE024FD70AB00F84671 /* AppDelegate.swift in Sources */ = {isa = PBXBuildFile; fileRef = 01659CDF24FD70AB00F84671 /* AppDelegate.swift */; };
		01659CE224FD70AB00F84671 /* SceneDelegate.swift in Sources */ = {isa = PBXBuildFile; fileRef = 01659CE124FD70AB00F84671 /* SceneDelegate.swift */; };
		01659CE424FD70AB00F84671 /* ViewController.swift in Sources */ = {isa = PBXBuildFile; fileRef = 01659CE324FD70AB00F84671 /* ViewController.swift */; };
		01659CE724FD70AB00F84671 /* Main.storyboard in Resources */ = {isa = PBXBuildFile; fileRef = 01659CE524FD70AB00F84671 /* Main.storyboard */; };
		01659CE924FD70AF00F84671 /* Assets.xcassets in Resources */ = {isa = PBXBuildFile; fileRef = 01659CE824FD70AF00F84671 /* Assets.xcassets */; };
		01659CEC24FD70AF00F84671 /* LaunchScreen.storyboard in Resources */ = {isa = PBXBuildFile; fileRef = 01659CEA24FD70AF00F84671 /* LaunchScreen.storyboard */; };
		0177525324FEB34C00D9CA42 /* GameHistoryController.swift in Sources */ = {isa = PBXBuildFile; fileRef = 0177525224FEB34C00D9CA42 /* GameHistoryController.swift */; };
		30A703893E0D61F7DABA0D2C /* Pods_GuessTheNumber.framework in Frameworks */ = {isa = PBXBuildFile; fileRef = D8BFC0DF0AD23096ED8F876A /* Pods_GuessTheNumber.framework */; };
		EE0956E124FDD3F200169EB5 /* CustomTextField.swift in Sources */ = {isa = PBXBuildFile; fileRef = EE0956E024FDD3F200169EB5 /* CustomTextField.swift */; };
		EE0956E324FDD41B00169EB5 /* InputContainerView.swift in Sources */ = {isa = PBXBuildFile; fileRef = EE0956E224FDD41B00169EB5 /* InputContainerView.swift */; };
		EE0956E624FDD43E00169EB5 /* Extensions.swift in Sources */ = {isa = PBXBuildFile; fileRef = EE0956E524FDD43E00169EB5 /* Extensions.swift */; };
		EE56673424FDD1E500602B63 /* LoginController.swift in Sources */ = {isa = PBXBuildFile; fileRef = EE56673324FDD1E500602B63 /* LoginController.swift */; };
		EEBF438024FDD029006435BB /* GoogleService-Info.plist in Resources */ = {isa = PBXBuildFile; fileRef = EEBF437F24FDD029006435BB /* GoogleService-Info.plist */; };
/* End PBXBuildFile section */

/* Begin PBXFileReference section */
		01659CDC24FD70AB00F84671 /* GuessTheNumber.app */ = {isa = PBXFileReference; explicitFileType = wrapper.application; includeInIndex = 0; path = GuessTheNumber.app; sourceTree = BUILT_PRODUCTS_DIR; };
		01659CDF24FD70AB00F84671 /* AppDelegate.swift */ = {isa = PBXFileReference; lastKnownFileType = sourcecode.swift; path = AppDelegate.swift; sourceTree = "<group>"; };
		01659CE124FD70AB00F84671 /* SceneDelegate.swift */ = {isa = PBXFileReference; lastKnownFileType = sourcecode.swift; path = SceneDelegate.swift; sourceTree = "<group>"; };
		01659CE324FD70AB00F84671 /* ViewController.swift */ = {isa = PBXFileReference; lastKnownFileType = sourcecode.swift; path = ViewController.swift; sourceTree = "<group>"; };
		01659CE624FD70AB00F84671 /* Base */ = {isa = PBXFileReference; lastKnownFileType = file.storyboard; name = Base; path = Base.lproj/Main.storyboard; sourceTree = "<group>"; };
		01659CE824FD70AF00F84671 /* Assets.xcassets */ = {isa = PBXFileReference; lastKnownFileType = folder.assetcatalog; path = Assets.xcassets; sourceTree = "<group>"; };
		01659CEB24FD70AF00F84671 /* Base */ = {isa = PBXFileReference; lastKnownFileType = file.storyboard; name = Base; path = Base.lproj/LaunchScreen.storyboard; sourceTree = "<group>"; };
		01659CED24FD70AF00F84671 /* Info.plist */ = {isa = PBXFileReference; lastKnownFileType = text.plist.xml; path = Info.plist; sourceTree = "<group>"; };
		0177525224FEB34C00D9CA42 /* GameHistoryController.swift */ = {isa = PBXFileReference; lastKnownFileType = sourcecode.swift; path = GameHistoryController.swift; sourceTree = "<group>"; };
		932F2D2E49DBB73E523C64D3 /* Pods-GuessTheNumber.release.xcconfig */ = {isa = PBXFileReference; includeInIndex = 1; lastKnownFileType = text.xcconfig; name = "Pods-GuessTheNumber.release.xcconfig"; path = "Target Support Files/Pods-GuessTheNumber/Pods-GuessTheNumber.release.xcconfig"; sourceTree = "<group>"; };
		B478373D688D82CDC1589EC4 /* Pods-GuessTheNumber.debug.xcconfig */ = {isa = PBXFileReference; includeInIndex = 1; lastKnownFileType = text.xcconfig; name = "Pods-GuessTheNumber.debug.xcconfig"; path = "Target Support Files/Pods-GuessTheNumber/Pods-GuessTheNumber.debug.xcconfig"; sourceTree = "<group>"; };
		D8BFC0DF0AD23096ED8F876A /* Pods_GuessTheNumber.framework */ = {isa = PBXFileReference; explicitFileType = wrapper.framework; includeInIndex = 0; path = Pods_GuessTheNumber.framework; sourceTree = BUILT_PRODUCTS_DIR; };
		EE0956E024FDD3F200169EB5 /* CustomTextField.swift */ = {isa = PBXFileReference; lastKnownFileType = sourcecode.swift; path = CustomTextField.swift; sourceTree = "<group>"; };
		EE0956E224FDD41B00169EB5 /* InputContainerView.swift */ = {isa = PBXFileReference; lastKnownFileType = sourcecode.swift; path = InputContainerView.swift; sourceTree = "<group>"; };
		EE0956E524FDD43E00169EB5 /* Extensions.swift */ = {isa = PBXFileReference; lastKnownFileType = sourcecode.swift; path = Extensions.swift; sourceTree = "<group>"; };
		EE56673324FDD1E500602B63 /* LoginController.swift */ = {isa = PBXFileReference; lastKnownFileType = sourcecode.swift; path = LoginController.swift; sourceTree = "<group>"; };
		EEBF437F24FDD029006435BB /* GoogleService-Info.plist */ = {isa = PBXFileReference; lastKnownFileType = text.plist; path = "GoogleService-Info.plist"; sourceTree = SOURCE_ROOT; };
/* End PBXFileReference section */

/* Begin PBXFrameworksBuildPhase section */
		01659CD924FD70AB00F84671 /* Frameworks */ = {
			isa = PBXFrameworksBuildPhase;
			buildActionMask = 2147483647;
			files = (
				30A703893E0D61F7DABA0D2C /* Pods_GuessTheNumber.framework in Frameworks */,
			);
			runOnlyForDeploymentPostprocessing = 0;
		};
/* End PBXFrameworksBuildPhase section */

/* Begin PBXGroup section */
		01659CD324FD70AB00F84671 = {
			isa = PBXGroup;
			children = (
				01659CDE24FD70AB00F84671 /* GuessTheNumber */,
				01659CDD24FD70AB00F84671 /* Products */,
				C2DDB8F1C64A9E517CB51AE2 /* Pods */,
				EF0D2B74E61069692A3631FC /* Frameworks */,
			);
			sourceTree = "<group>";
		};
		01659CDD24FD70AB00F84671 /* Products */ = {
			isa = PBXGroup;
			children = (
				01659CDC24FD70AB00F84671 /* GuessTheNumber.app */,
			);
			name = Products;
			sourceTree = "<group>";
		};
		01659CDE24FD70AB00F84671 /* GuessTheNumber */ = {
			isa = PBXGroup;
			children = (
				EE0956E424FDD43200169EB5 /* Utils */,
				EE56673624FDD1F400602B63 /* Controllers */,
				EE56673524FDD1EC00602B63 /* View */,
				01659CDF24FD70AB00F84671 /* AppDelegate.swift */,
				01659CE124FD70AB00F84671 /* SceneDelegate.swift */,
				01659CED24FD70AF00F84671 /* Info.plist */,
				EEBF437F24FDD029006435BB /* GoogleService-Info.plist */,
			);
			path = GuessTheNumber;
			sourceTree = "<group>";
		};
		C2DDB8F1C64A9E517CB51AE2 /* Pods */ = {
			isa = PBXGroup;
			children = (
				B478373D688D82CDC1589EC4 /* Pods-GuessTheNumber.debug.xcconfig */,
				932F2D2E49DBB73E523C64D3 /* Pods-GuessTheNumber.release.xcconfig */,
			);
			path = Pods;
			sourceTree = "<group>";
		};
		EE0956E424FDD43200169EB5 /* Utils */ = {
			isa = PBXGroup;
			children = (
				EE0956E524FDD43E00169EB5 /* Extensions.swift */,
			);
			path = Utils;
			sourceTree = "<group>";
		};
		EE56673524FDD1EC00602B63 /* View */ = {
			isa = PBXGroup;
			children = (
				01659CE524FD70AB00F84671 /* Main.storyboard */,
				01659CE824FD70AF00F84671 /* Assets.xcassets */,
				01659CEA24FD70AF00F84671 /* LaunchScreen.storyboard */,
				EE0956E024FDD3F200169EB5 /* CustomTextField.swift */,
				EE0956E224FDD41B00169EB5 /* InputContainerView.swift */,
			);
			path = View;
			sourceTree = "<group>";
		};
		EE56673624FDD1F400602B63 /* Controllers */ = {
			isa = PBXGroup;
			children = (
				01659CE324FD70AB00F84671 /* ViewController.swift */,
				0177525224FEB34C00D9CA42 /* GameHistoryController.swift */,
				EE56673324FDD1E500602B63 /* LoginController.swift */,
			);
			path = Controllers;
			sourceTree = "<group>";
		};
		EF0D2B74E61069692A3631FC /* Frameworks */ = {
			isa = PBXGroup;
			children = (
				D8BFC0DF0AD23096ED8F876A /* Pods_GuessTheNumber.framework */,
			);
			name = Frameworks;
			sourceTree = "<group>";
		};
/* End PBXGroup section */

/* Begin PBXNativeTarget section */
		01659CDB24FD70AB00F84671 /* GuessTheNumber */ = {
			isa = PBXNativeTarget;
			buildConfigurationList = 01659CF024FD70AF00F84671 /* Build configuration list for PBXNativeTarget "GuessTheNumber" */;
			buildPhases = (
				4AEF3DEA0F190C8B7536BB21 /* [CP] Check Pods Manifest.lock */,
				01659CD824FD70AB00F84671 /* Sources */,
				01659CD924FD70AB00F84671 /* Frameworks */,
				01659CDA24FD70AB00F84671 /* Resources */,
				0D5D7D00331585A7F2A4AFCF /* [CP] Embed Pods Frameworks */,
			);
			buildRules = (
			);
			dependencies = (
			);
			name = GuessTheNumber;
			productName = GuessTheNumber;
			productReference = 01659CDC24FD70AB00F84671 /* GuessTheNumber.app */;
			productType = "com.apple.product-type.application";
		};
/* End PBXNativeTarget section */

/* Begin PBXProject section */
		01659CD424FD70AB00F84671 /* Project object */ = {
			isa = PBXProject;
			attributes = {
				LastSwiftUpdateCheck = 1160;
				LastUpgradeCheck = 1160;
				ORGANIZATIONNAME = "Kaavya Singhal";
				TargetAttributes = {
					01659CDB24FD70AB00F84671 = {
						CreatedOnToolsVersion = 11.6;
					};
				};
			};
			buildConfigurationList = 01659CD724FD70AB00F84671 /* Build configuration list for PBXProject "GuessTheNumber" */;
			compatibilityVersion = "Xcode 9.3";
			developmentRegion = en;
			hasScannedForEncodings = 0;
			knownRegions = (
				en,
				Base,
			);
			mainGroup = 01659CD324FD70AB00F84671;
			productRefGroup = 01659CDD24FD70AB00F84671 /* Products */;
			projectDirPath = "";
			projectRoot = "";
			targets = (
				01659CDB24FD70AB00F84671 /* GuessTheNumber */,
			);
		};
/* End PBXProject section */

/* Begin PBXResourcesBuildPhase section */
		01659CDA24FD70AB00F84671 /* Resources */ = {
			isa = PBXResourcesBuildPhase;
			buildActionMask = 2147483647;
			files = (
				01659CEC24FD70AF00F84671 /* LaunchScreen.storyboard in Resources */,
				EEBF438024FDD029006435BB /* GoogleService-Info.plist in Resources */,
				01659CE924FD70AF00F84671 /* Assets.xcassets in Resources */,
				01659CE724FD70AB00F84671 /* Main.storyboard in Resources */,
			);
			runOnlyForDeploymentPostprocessing = 0;
		};
/* End PBXResourcesBuildPhase section */

/* Begin PBXShellScriptBuildPhase section */
		0D5D7D00331585A7F2A4AFCF /* [CP] Embed Pods Frameworks */ = {
			isa = PBXShellScriptBuildPhase;
			buildActionMask = 2147483647;
			files = (
			);
			inputFileListPaths = (
				"${PODS_ROOT}/Target Support Files/Pods-GuessTheNumber/Pods-GuessTheNumber-frameworks-${CONFIGURATION}-input-files.xcfilelist",
			);
			name = "[CP] Embed Pods Frameworks";
			outputFileListPaths = (
				"${PODS_ROOT}/Target Support Files/Pods-GuessTheNumber/Pods-GuessTheNumber-frameworks-${CONFIGURATION}-output-files.xcfilelist",
			);
			runOnlyForDeploymentPostprocessing = 0;
			shellPath = /bin/sh;
			shellScript = "\"${PODS_ROOT}/Target Support Files/Pods-GuessTheNumber/Pods-GuessTheNumber-frameworks.sh\"\n";
			showEnvVarsInLog = 0;
		};
		4AEF3DEA0F190C8B7536BB21 /* [CP] Check Pods Manifest.lock */ = {
			isa = PBXShellScriptBuildPhase;
			buildActionMask = 2147483647;
			files = (
			);
			inputFileListPaths = (
			);
			inputPaths = (
				"${PODS_PODFILE_DIR_PATH}/Podfile.lock",
				"${PODS_ROOT}/Manifest.lock",
			);
			name = "[CP] Check Pods Manifest.lock";
			outputFileListPaths = (
			);
			outputPaths = (
				"$(DERIVED_FILE_DIR)/Pods-GuessTheNumber-checkManifestLockResult.txt",
			);
			runOnlyForDeploymentPostprocessing = 0;
			shellPath = /bin/sh;
			shellScript = "diff \"${PODS_PODFILE_DIR_PATH}/Podfile.lock\" \"${PODS_ROOT}/Manifest.lock\" > /dev/null\nif [ $? != 0 ] ; then\n    # print error to STDERR\n    echo \"error: The sandbox is not in sync with the Podfile.lock. Run 'pod install' or update your CocoaPods installation.\" >&2\n    exit 1\nfi\n# This output is used by Xcode 'outputs' to avoid re-running this script phase.\necho \"SUCCESS\" > \"${SCRIPT_OUTPUT_FILE_0}\"\n";
			showEnvVarsInLog = 0;
		};
/* End PBXShellScriptBuildPhase section */

/* Begin PBXSourcesBuildPhase section */
		01659CD824FD70AB00F84671 /* Sources */ = {
			isa = PBXSourcesBuildPhase;
			buildActionMask = 2147483647;
			files = (
				01659CE424FD70AB00F84671 /* ViewController.swift in Sources */,
				EE0956E324FDD41B00169EB5 /* InputContainerView.swift in Sources */,
				EE56673424FDD1E500602B63 /* LoginController.swift in Sources */,
				01659CE024FD70AB00F84671 /* AppDelegate.swift in Sources */,
				01659CE224FD70AB00F84671 /* SceneDelegate.swift in Sources */,
				EE0956E124FDD3F200169EB5 /* CustomTextField.swift in Sources */,
				0177525324FEB34C00D9CA42 /* GameHistoryController.swift in Sources */,
				EE0956E624FDD43E00169EB5 /* Extensions.swift in Sources */,
			);
			runOnlyForDeploymentPostprocessing = 0;
		};
/* End PBXSourcesBuildPhase section */

/* Begin PBXVariantGroup section */
		01659CE524FD70AB00F84671 /* Main.storyboard */ = {
			isa = PBXVariantGroup;
			children = (
				01659CE624FD70AB00F84671 /* Base */,
			);
			name = Main.storyboard;
			sourceTree = "<group>";
		};
		01659CEA24FD70AF00F84671 /* LaunchScreen.storyboard */ = {
			isa = PBXVariantGroup;
			children = (
				01659CEB24FD70AF00F84671 /* Base */,
			);
			name = LaunchScreen.storyboard;
			sourceTree = "<group>";
		};
/* End PBXVariantGroup section */

/* Begin XCBuildConfiguration section */
		01659CEE24FD70AF00F84671 /* Debug */ = {
			isa = XCBuildConfiguration;
			buildSettings = {
				ALWAYS_SEARCH_USER_PATHS = NO;
				CLANG_ANALYZER_NONNULL = YES;
				CLANG_ANALYZER_NUMBER_OBJECT_CONVERSION = YES_AGGRESSIVE;
				CLANG_CXX_LANGUAGE_STANDARD = "gnu++14";
				CLANG_CXX_LIBRARY = "libc++";
				CLANG_ENABLE_MODULES = YES;
				CLANG_ENABLE_OBJC_ARC = YES;
				CLANG_ENABLE_OBJC_WEAK = YES;
				CLANG_WARN_BLOCK_CAPTURE_AUTORELEASING = YES;
				CLANG_WARN_BOOL_CONVERSION = YES;
				CLANG_WARN_COMMA = YES;
				CLANG_WARN_CONSTANT_CONVERSION = YES;
				CLANG_WARN_DEPRECATED_OBJC_IMPLEMENTATIONS = YES;
				CLANG_WARN_DIRECT_OBJC_ISA_USAGE = YES_ERROR;
				CLANG_WARN_DOCUMENTATION_COMMENTS = YES;
				CLANG_WARN_EMPTY_BODY = YES;
				CLANG_WARN_ENUM_CONVERSION = YES;
				CLANG_WARN_INFINITE_RECURSION = YES;
				CLANG_WARN_INT_CONVERSION = YES;
				CLANG_WARN_NON_LITERAL_NULL_CONVERSION = YES;
				CLANG_WARN_OBJC_IMPLICIT_RETAIN_SELF = YES;
				CLANG_WARN_OBJC_LITERAL_CONVERSION = YES;
				CLANG_WARN_OBJC_ROOT_CLASS = YES_ERROR;
				CLANG_WARN_RANGE_LOOP_ANALYSIS = YES;
				CLANG_WARN_STRICT_PROTOTYPES = YES;
				CLANG_WARN_SUSPICIOUS_MOVE = YES;
				CLANG_WARN_UNGUARDED_AVAILABILITY = YES_AGGRESSIVE;
				CLANG_WARN_UNREACHABLE_CODE = YES;
				CLANG_WARN__DUPLICATE_METHOD_MATCH = YES;
				COPY_PHASE_STRIP = NO;
				DEBUG_INFORMATION_FORMAT = dwarf;
				ENABLE_STRICT_OBJC_MSGSEND = YES;
				ENABLE_TESTABILITY = YES;
				GCC_C_LANGUAGE_STANDARD = gnu11;
				GCC_DYNAMIC_NO_PIC = NO;
				GCC_NO_COMMON_BLOCKS = YES;
				GCC_OPTIMIZATION_LEVEL = 0;
				GCC_PREPROCESSOR_DEFINITIONS = (
					"DEBUG=1",
					"$(inherited)",
				);
				GCC_WARN_64_TO_32_BIT_CONVERSION = YES;
				GCC_WARN_ABOUT_RETURN_TYPE = YES_ERROR;
				GCC_WARN_UNDECLARED_SELECTOR = YES;
				GCC_WARN_UNINITIALIZED_AUTOS = YES_AGGRESSIVE;
				GCC_WARN_UNUSED_FUNCTION = YES;
				GCC_WARN_UNUSED_VARIABLE = YES;
				IPHONEOS_DEPLOYMENT_TARGET = 13.6;
				MTL_ENABLE_DEBUG_INFO = INCLUDE_SOURCE;
				MTL_FAST_MATH = YES;
				ONLY_ACTIVE_ARCH = YES;
				SDKROOT = iphoneos;
				SWIFT_ACTIVE_COMPILATION_CONDITIONS = DEBUG;
				SWIFT_OPTIMIZATION_LEVEL = "-Onone";
			};
			name = Debug;
		};
		01659CEF24FD70AF00F84671 /* Release */ = {
			isa = XCBuildConfiguration;
			buildSettings = {
				ALWAYS_SEARCH_USER_PATHS = NO;
				CLANG_ANALYZER_NONNULL = YES;
				CLANG_ANALYZER_NUMBER_OBJECT_CONVERSION = YES_AGGRESSIVE;
				CLANG_CXX_LANGUAGE_STANDARD = "gnu++14";
				CLANG_CXX_LIBRARY = "libc++";
				CLANG_ENABLE_MODULES = YES;
				CLANG_ENABLE_OBJC_ARC = YES;
				CLANG_ENABLE_OBJC_WEAK = YES;
				CLANG_WARN_BLOCK_CAPTURE_AUTORELEASING = YES;
				CLANG_WARN_BOOL_CONVERSION = YES;
				CLANG_WARN_COMMA = YES;
				CLANG_WARN_CONSTANT_CONVERSION = YES;
				CLANG_WARN_DEPRECATED_OBJC_IMPLEMENTATIONS = YES;
				CLANG_WARN_DIRECT_OBJC_ISA_USAGE = YES_ERROR;
				CLANG_WARN_DOCUMENTATION_COMMENTS = YES;
				CLANG_WARN_EMPTY_BODY = YES;
				CLANG_WARN_ENUM_CONVERSION = YES;
				CLANG_WARN_INFINITE_RECURSION = YES;
				CLANG_WARN_INT_CONVERSION = YES;
				CLANG_WARN_NON_LITERAL_NULL_CONVERSION = YES;
				CLANG_WARN_OBJC_IMPLICIT_RETAIN_SELF = YES;
				CLANG_WARN_OBJC_LITERAL_CONVERSION = YES;
				CLANG_WARN_OBJC_ROOT_CLASS = YES_ERROR;
				CLANG_WARN_RANGE_LOOP_ANALYSIS = YES;
				CLANG_WARN_STRICT_PROTOTYPES = YES;
				CLANG_WARN_SUSPICIOUS_MOVE = YES;
				CLANG_WARN_UNGUARDED_AVAILABILITY = YES_AGGRESSIVE;
				CLANG_WARN_UNREACHABLE_CODE = YES;
				CLANG_WARN__DUPLICATE_METHOD_MATCH = YES;
				COPY_PHASE_STRIP = NO;
				DEBUG_INFORMATION_FORMAT = "dwarf-with-dsym";
				ENABLE_NS_ASSERTIONS = NO;
				ENABLE_STRICT_OBJC_MSGSEND = YES;
				GCC_C_LANGUAGE_STANDARD = gnu11;
				GCC_NO_COMMON_BLOCKS = YES;
				GCC_WARN_64_TO_32_BIT_CONVERSION = YES;
				GCC_WARN_ABOUT_RETURN_TYPE = YES_ERROR;
				GCC_WARN_UNDECLARED_SELECTOR = YES;
				GCC_WARN_UNINITIALIZED_AUTOS = YES_AGGRESSIVE;
				GCC_WARN_UNUSED_FUNCTION = YES;
				GCC_WARN_UNUSED_VARIABLE = YES;
				IPHONEOS_DEPLOYMENT_TARGET = 13.6;
				MTL_ENABLE_DEBUG_INFO = NO;
				MTL_FAST_MATH = YES;
				SDKROOT = iphoneos;
				SWIFT_COMPILATION_MODE = wholemodule;
				SWIFT_OPTIMIZATION_LEVEL = "-O";
				VALIDATE_PRODUCT = YES;
			};
			name = Release;
		};
		01659CF124FD70AF00F84671 /* Debug */ = {
			isa = XCBuildConfiguration;
			baseConfigurationReference = B478373D688D82CDC1589EC4 /* Pods-GuessTheNumber.debug.xcconfig */;
			buildSettings = {
				ASSETCATALOG_COMPILER_APPICON_NAME = AppIcon;
				CODE_SIGN_STYLE = Automatic;
				INFOPLIST_FILE = GuessTheNumber/Info.plist;
				LD_RUNPATH_SEARCH_PATHS = (
					"$(inherited)",
					"@executable_path/Frameworks",
				);
				PRODUCT_BUNDLE_IDENTIFIER = com.codewithkaavya.GuessTheNumber;
				PRODUCT_NAME = "$(TARGET_NAME)";
				SWIFT_VERSION = 5.0;
				TARGETED_DEVICE_FAMILY = "1,2";
			};
			name = Debug;
		};
		01659CF224FD70AF00F84671 /* Release */ = {
			isa = XCBuildConfiguration;
			baseConfigurationReference = 932F2D2E49DBB73E523C64D3 /* Pods-GuessTheNumber.release.xcconfig */;
			buildSettings = {
				ASSETCATALOG_COMPILER_APPICON_NAME = AppIcon;
				CODE_SIGN_STYLE = Automatic;
				INFOPLIST_FILE = GuessTheNumber/Info.plist;
				LD_RUNPATH_SEARCH_PATHS = (
					"$(inherited)",
					"@executable_path/Frameworks",
				);
				PRODUCT_BUNDLE_IDENTIFIER = com.codewithkaavya.GuessTheNumber;
				PRODUCT_NAME = "$(TARGET_NAME)";
				SWIFT_VERSION = 5.0;
				TARGETED_DEVICE_FAMILY = "1,2";
			};
			name = Release;
		};
/* End XCBuildConfiguration section */

/* Begin XCConfigurationList section */
		01659CD724FD70AB00F84671 /* Build configuration list for PBXProject "GuessTheNumber" */ = {
			isa = XCConfigurationList;
			buildConfigurations = (
				01659CEE24FD70AF00F84671 /* Debug */,
				01659CEF24FD70AF00F84671 /* Release */,
			);
			defaultConfigurationIsVisible = 0;
			defaultConfigurationName = Release;
		};
		01659CF024FD70AF00F84671 /* Build configuration list for PBXNativeTarget "GuessTheNumber" */ = {
			isa = XCConfigurationList;
			buildConfigurations = (
				01659CF124FD70AF00F84671 /* Debug */,
				01659CF224FD70AF00F84671 /* Release */,
			);
			defaultConfigurationIsVisible = 0;
			defaultConfigurationName = Release;
		};
/* End XCConfigurationList section */
	};
	rootObject = 01659CD424FD70AB00F84671 /* Project object */;
}
